dependencies:
- name: kube-prometheus-stack
  repository: https://prometheus-community.github.io/helm-charts
  version: 88.3.0
- name: xtrinode-vector
  repository: file://../xtrinode-vector
  version: 0.1.0
digest: sha256:2dbe726e133fac475cfc3dc5dfdc8fa791efb599d34785f3c7c50dbdf5fadcdf
generated: "2026-08-16T08:53:01.082271649Z"
