dependencies:
- name: kube-prometheus-stack
  repository: https://prometheus-community.github.io/helm-charts
  version: 87.10.1
- name: xtrinode-vector
  repository: file://../xtrinode-vector
  version: 0.1.0
digest: sha256:985d1e057226d6238f4498f5ce09963b7a5b5202483d4fabd1135ddeb1246e6f
generated: "2026-07-05T08:52:27.088417948Z"
